
Microsoft Visual Studio Solution File, Format Version 12.00
# Visual Studio 2012
Project("{FAE04EC0-301F-11D3-BF4B-00C04F79EFBC}") = "WebPresentacion", "WebFacturas\WebPresentacion.csproj", "{E2C49C44-B69B-4437-8E11-4192494F867E}"
EndProject
Project("{FAE04EC0-301F-11D3-BF4B-00C04F79EFBC}") = "cnsPruebas", "cnsPruebas\cnsPruebas.csproj", "{D310899B-A461-42BF-96B5-F97C58BBE77F}"
EndProject
Project("{FAE04EC0-301F-11D3-BF4B-00C04F79EFBC}") = "slnDatos", "slnDatos\slnDatos.csproj", "{292C3364-2729-4895-BAE7-CDB68CA7F072}"
EndProject
Project("{FAE04EC0-301F-11D3-BF4B-00C04F79EFBC}") = "slnLogica", "slnLogica\slnLogica.csproj", "{E4A7AE08-3277-4395-AB0B-35CEBDBE8AE1}"
EndProject
Global
	GlobalSection(SolutionConfigurationPlatforms) = preSolution
		Debug|Any CPU = Debug|Any CPU
		Release|Any CPU = Release|Any CPU
	EndGlobalSection
	GlobalSection(ProjectConfigurationPlatforms) = postSolution
		{E2C49C44-B69B-4437-8E11-4192494F867E}.Debug|Any CPU.ActiveCfg = Debug|Any CPU
		{E2C49C44-B69B-4437-8E11-4192494F867E}.Debug|Any CPU.Build.0 = Debug|Any CPU
		{E2C49C44-B69B-4437-8E11-4192494F867E}.Release|Any CPU.ActiveCfg = Release|Any CPU
		{E2C49C44-B69B-4437-8E11-4192494F867E}.Release|Any CPU.Build.0 = Release|Any CPU
		{D310899B-A461-42BF-96B5-F97C58BBE77F}.Debug|Any CPU.ActiveCfg = Debug|Any CPU
		{D310899B-A461-42BF-96B5-F97C58BBE77F}.Debug|Any CPU.Build.0 = Debug|Any CPU
		{D310899B-A461-42BF-96B5-F97C58BBE77F}.Release|Any CPU.ActiveCfg = Release|Any CPU
		{D310899B-A461-42BF-96B5-F97C58BBE77F}.Release|Any CPU.Build.0 = Release|Any CPU
		{292C3364-2729-4895-BAE7-CDB68CA7F072}.Debug|Any CPU.ActiveCfg = Debug|Any CPU
		{292C3364-2729-4895-BAE7-CDB68CA7F072}.Debug|Any CPU.Build.0 = Debug|Any CPU
		{292C3364-2729-4895-BAE7-CDB68CA7F072}.Release|Any CPU.ActiveCfg = Release|Any CPU
		{292C3364-2729-4895-BAE7-CDB68CA7F072}.Release|Any CPU.Build.0 = Release|Any CPU
		{E4A7AE08-3277-4395-AB0B-35CEBDBE8AE1}.Debug|Any CPU.ActiveCfg = Debug|Any CPU
		{E4A7AE08-3277-4395-AB0B-35CEBDBE8AE1}.Debug|Any CPU.Build.0 = Debug|Any CPU
		{E4A7AE08-3277-4395-AB0B-35CEBDBE8AE1}.Release|Any CPU.ActiveCfg = Release|Any CPU
		{E4A7AE08-3277-4395-AB0B-35CEBDBE8AE1}.Release|Any CPU.Build.0 = Release|Any CPU
	EndGlobalSection
	GlobalSection(SolutionProperties) = preSolution
		HideSolutionNode = FALSE
	EndGlobalSection
EndGlobal
